<Solution>
  <Folder Name="/Solution Items/">
    <File Path="Directory.Build.props" />
    <File Path="Directory.Packages.props" />
  </Folder>
<Folder Name="/samples/01-getting-started/">
    <Project Path="samples/01-getting-started/GettingStarted.csproj" />
  </Folder>
  <Folder Name="/samples/02-agent-middleware/">
    <Project Path="samples/02-agent-middleware/AgentMiddleware.csproj" />
  </Folder>
  <Folder Name="/samples/03-durable-functions/">
    <Project Path="samples/03-durable-functions/DurableFunctions.csproj" />
  </Folder>
  <Folder Name="/samples/04-durable-task-scheduler/">
    <Project Path="samples/04-durable-task-scheduler/DurableTaskScheduler.csproj" />
  </Folder>
  <Folder Name="/samples/05-durable-orchestrator/">
    <Project Path="samples/05-durable-orchestrator/DurableOrchestrator.csproj" />
  </Folder>
  <Folder Name="/samples/06-prompt-agent/">
    <Project Path="samples/06-prompt-agent/PromptAgent.csproj" />
  </Folder>
</Solution>
